
Microsoft Visual Studio Solution File, Format Version 12.00
# Visual Studio Version 17
VisualStudioVersion = 17.10.34916.146
MinimumVisualStudioVersion = 10.0.40219.1
Project("{888888A0-9F3D-457C-B088-3A5042F75D52}") = "Сообщение№1", "Сообщение№1.pyproj", "{76192D35-DF71-4022-B3A6-1D97C0C9F65F}"
EndProject
Global
	GlobalSection(SolutionConfigurationPlatforms) = preSolution
		Debug|Any CPU = Debug|Any CPU
		Release|Any CPU = Release|Any CPU
	EndGlobalSection
	GlobalSection(ProjectConfigurationPlatforms) = postSolution
		{76192D35-DF71-4022-B3A6-1D97C0C9F65F}.Debug|Any CPU.ActiveCfg = Debug|Any CPU
		{76192D35-DF71-4022-B3A6-1D97C0C9F65F}.Release|Any CPU.ActiveCfg = Release|Any CPU
	EndGlobalSection
	GlobalSection(SolutionProperties) = preSolution
		HideSolutionNode = FALSE
	EndGlobalSection
	GlobalSection(ExtensibilityGlobals) = postSolution
		SolutionGuid = {5724225E-0CC8-4F1C-98C5-F07C49FA162C}
	EndGlobalSection
EndGlobal
