
Microsoft Visual Studio Solution File, Format Version 12.00
# Visual Studio Version 17
VisualStudioVersion = 17.10.34916.146
MinimumVisualStudioVersion = 10.0.40219.1
Project("{888888A0-9F3D-457C-B088-3A5042F75D52}") = "Class_works#2", "Class_works#2.pyproj", "{3D63CB30-0408-4ADB-ADED-92F17F9E920F}"
EndProject
Global
	GlobalSection(SolutionConfigurationPlatforms) = preSolution
		Debug|Any CPU = Debug|Any CPU
		Release|Any CPU = Release|Any CPU
	EndGlobalSection
	GlobalSection(ProjectConfigurationPlatforms) = postSolution
		{3D63CB30-0408-4ADB-ADED-92F17F9E920F}.Debug|Any CPU.ActiveCfg = Debug|Any CPU
		{3D63CB30-0408-4ADB-ADED-92F17F9E920F}.Release|Any CPU.ActiveCfg = Release|Any CPU
	EndGlobalSection
	GlobalSection(SolutionProperties) = preSolution
		HideSolutionNode = FALSE
	EndGlobalSection
	GlobalSection(ExtensibilityGlobals) = postSolution
		SolutionGuid = {A0A7D424-F04E-46F0-B5B3-34F457E422CF}
	EndGlobalSection
EndGlobal
