
Microsoft Visual Studio Solution File, Format Version 12.00
# Visual Studio Version 17
VisualStudioVersion = 17.10.34916.146
MinimumVisualStudioVersion = 10.0.40219.1
Project("{888888A0-9F3D-457C-B088-3A5042F75D52}") = "Cub", "Cub.pyproj", "{A19FE235-FE6A-4AE2-8142-C58EF71E62E3}"
EndProject
Global
	GlobalSection(SolutionConfigurationPlatforms) = preSolution
		Debug|Any CPU = Debug|Any CPU
		Release|Any CPU = Release|Any CPU
	EndGlobalSection
	GlobalSection(ProjectConfigurationPlatforms) = postSolution
		{A19FE235-FE6A-4AE2-8142-C58EF71E62E3}.Debug|Any CPU.ActiveCfg = Debug|Any CPU
		{A19FE235-FE6A-4AE2-8142-C58EF71E62E3}.Release|Any CPU.ActiveCfg = Release|Any CPU
	EndGlobalSection
	GlobalSection(SolutionProperties) = preSolution
		HideSolutionNode = FALSE
	EndGlobalSection
	GlobalSection(ExtensibilityGlobals) = postSolution
		SolutionGuid = {52F77850-428A-487C-87DB-767401CD087B}
	EndGlobalSection
EndGlobal
