
Microsoft Visual Studio Solution File, Format Version 12.00
# Visual Studio Version 17
VisualStudioVersion = 17.10.34916.146
MinimumVisualStudioVersion = 10.0.40219.1
Project("{888888A0-9F3D-457C-B088-3A5042F75D52}") = "Название городов", "Название городов.pyproj", "{1635AC26-AC3A-4E15-A1AE-062FC01822B2}"
EndProject
Global
	GlobalSection(SolutionConfigurationPlatforms) = preSolution
		Debug|Any CPU = Debug|Any CPU
		Release|Any CPU = Release|Any CPU
	EndGlobalSection
	GlobalSection(ProjectConfigurationPlatforms) = postSolution
		{1635AC26-AC3A-4E15-A1AE-062FC01822B2}.Debug|Any CPU.ActiveCfg = Debug|Any CPU
		{1635AC26-AC3A-4E15-A1AE-062FC01822B2}.Release|Any CPU.ActiveCfg = Release|Any CPU
	EndGlobalSection
	GlobalSection(SolutionProperties) = preSolution
		HideSolutionNode = FALSE
	EndGlobalSection
	GlobalSection(ExtensibilityGlobals) = postSolution
		SolutionGuid = {2A045A6D-8E0B-47D3-93DB-89FFA643B6EA}
	EndGlobalSection
EndGlobal
