
Microsoft Visual Studio Solution File, Format Version 12.00
# Visual Studio Version 17
VisualStudioVersion = 17.10.34916.146
MinimumVisualStudioVersion = 10.0.40219.1
Project("{888888A0-9F3D-457C-B088-3A5042F75D52}") = "city_function", "city_function.pyproj", "{87BA1DA9-BCD9-42AC-9FA7-568DE350A07B}"
EndProject
Global
	GlobalSection(SolutionConfigurationPlatforms) = preSolution
		Debug|Any CPU = Debug|Any CPU
		Release|Any CPU = Release|Any CPU
	EndGlobalSection
	GlobalSection(ProjectConfigurationPlatforms) = postSolution
		{87BA1DA9-BCD9-42AC-9FA7-568DE350A07B}.Debug|Any CPU.ActiveCfg = Debug|Any CPU
		{87BA1DA9-BCD9-42AC-9FA7-568DE350A07B}.Release|Any CPU.ActiveCfg = Release|Any CPU
	EndGlobalSection
	GlobalSection(SolutionProperties) = preSolution
		HideSolutionNode = FALSE
	EndGlobalSection
	GlobalSection(ExtensibilityGlobals) = postSolution
		SolutionGuid = {DB93CB40-49D9-47EF-81A5-D2269A5853C1}
	EndGlobalSection
EndGlobal
